
Microsoft Visual Studio Solution File, Format Version 12.00
# Visual Studio Version 17
VisualStudioVersion = 17.4.33403.182
MinimumVisualStudioVersion = 10.0.40219.1
Project("{9A19103F-16F7-4668-BE54-9A1E7A4F7556}") = "CSharp_Assignment_3_MovieApi", "CSharp_Assignment_3_MovieApi\CSharp_Assignment_3_MovieApi.csproj", "{DB235852-6FC2-4F42-8522-2F281A25B8B5}"
EndProject
Global
	GlobalSection(SolutionConfigurationPlatforms) = preSolution
		Debug|Any CPU = Debug|Any CPU
		Release|Any CPU = Release|Any CPU
	EndGlobalSection
	GlobalSection(ProjectConfigurationPlatforms) = postSolution
		{DB235852-6FC2-4F42-8522-2F281A25B8B5}.Debug|Any CPU.ActiveCfg = Debug|Any CPU
		{DB235852-6FC2-4F42-8522-2F281A25B8B5}.Debug|Any CPU.Build.0 = Debug|Any CPU
		{DB235852-6FC2-4F42-8522-2F281A25B8B5}.Release|Any CPU.ActiveCfg = Release|Any CPU
		{DB235852-6FC2-4F42-8522-2F281A25B8B5}.Release|Any CPU.Build.0 = Release|Any CPU
	EndGlobalSection
	GlobalSection(SolutionProperties) = preSolution
		HideSolutionNode = FALSE
	EndGlobalSection
	GlobalSection(ExtensibilityGlobals) = postSolution
		SolutionGuid = {3461F1C8-B954-49EF-99E3-D3AF86A48A05}
	EndGlobalSection
EndGlobal
